// !$*UTF8*$!
{
	archiveVersion = 1;
	classes = {
	};
	objectVersion = 46;
	objects = {

/* Begin PBXBuildFile section */
		D72B342E1D28E2B900024994 /* AppDelegate.swift in Sources */ = {isa = PBXBuildFile; fileRef = D72B342D1D28E2B900024994 /* AppDelegate.swift */; };
		D72B34331D28E2B900024994 /* Main.storyboard in Resources */ = {isa = PBXBuildFile; fileRef = D72B34311D28E2B900024994 /* Main.storyboard */; };
		D72B34351D28E2B900024994 /* Assets.xcassets in Resources */ = {isa = PBXBuildFile; fileRef = D72B34341D28E2B900024994 /* Assets.xcassets */; };
		D72B34381D28E2BA00024994 /* LaunchScreen.storyboard in Resources */ = {isa = PBXBuildFile; fileRef = D72B34361D28E2BA00024994 /* LaunchScreen.storyboard */; };
		D72B34431D28E2BA00024994 /* ZCJWebImageTests.swift in Sources */ = {isa = PBXBuildFile; fileRef = D72B34421D28E2BA00024994 /* ZCJWebImageTests.swift */; };
		D72B344E1D28E2BA00024994 /* ZCJWebImageUITests.swift in Sources */ = {isa = PBXBuildFile; fileRef = D72B344D1D28E2BA00024994 /* ZCJWebImageUITests.swift */; };
		D72B345D1D28E38900024994 /* ZCJWebImageManager.swift in Sources */ = {isa = PBXBuildFile; fileRef = D72B345C1D28E38900024994 /* ZCJWebImageManager.swift */; };
		D72B345F1D28E3A300024994 /* ZCJWebImageDownloader.swift in Sources */ = {isa = PBXBuildFile; fileRef = D72B345E1D28E3A300024994 /* ZCJWebImageDownloader.swift */; };
		D72B34611D28E3B400024994 /* ZCJWebImageCache.swift in Sources */ = {isa = PBXBuildFile; fileRef = D72B34601D28E3B400024994 /* ZCJWebImageCache.swift */; };
		D72B34631D28E3EE00024994 /* UIImage+WebCache.swift in Sources */ = {isa = PBXBuildFile; fileRef = D72B34621D28E3EE00024994 /* UIImage+WebCache.swift */; };
		D760B4381D2BB624006F2751 /* String+MD5.swift in Sources */ = {isa = PBXBuildFile; fileRef = D760B4371D2BB624006F2751 /* String+MD5.swift */; };
		D760B43A1D2BE632006F2751 /* CollectionViewController.swift in Sources */ = {isa = PBXBuildFile; fileRef = D760B4391D2BE632006F2751 /* CollectionViewController.swift */; };
/* End PBXBuildFile section */

/* Begin PBXContainerItemProxy section */
		D72B343F1D28E2BA00024994 /* PBXContainerItemProxy */ = {
			isa = PBXContainerItemProxy;
			containerPortal = D72B34221D28E2B900024994 /* Project object */;
			proxyType = 1;
			remoteGlobalIDString = D72B34291D28E2B900024994;
			remoteInfo = ZCJWebImage;
		};
		D72B344A1D28E2BA00024994 /* PBXContainerItemProxy */ = {
			isa = PBXContainerItemProxy;
			containerPortal = D72B34221D28E2B900024994 /* Project object */;
			proxyType = 1;
			remoteGlobalIDString = D72B34291D28E2B900024994;
			remoteInfo = ZCJWebImage;
		};
/* End PBXContainerItemProxy section */

/* Begin PBXFileReference section */
		D72B342A1D28E2B900024994 /* ZCJWebImage.app */ = {isa = PBXFileReference; explicitFileType = wrapper.application; includeInIndex = 0; path = ZCJWebImage.app; sourceTree = BUILT_PRODUCTS_DIR; };
		D72B342D1D28E2B900024994 /* AppDelegate.swift */ = {isa = PBXFileReference; lastKnownFileType = sourcecode.swift; path = AppDelegate.swift; sourceTree = "<group>"; };
		D72B34321D28E2B900024994 /* Base */ = {isa = PBXFileReference; lastKnownFileType = file.storyboard; name = Base; path = Base.lproj/Main.storyboard; sourceTree = "<group>"; };
		D72B34341D28E2B900024994 /* Assets.xcassets */ = {isa = PBXFileReference; lastKnownFileType = folder.assetcatalog; path = Assets.xcassets; sourceTree = "<group>"; };
		D72B34371D28E2BA00024994 /* Base */ = {isa = PBXFileReference; lastKnownFileType = file.storyboard; name = Base; path = Base.lproj/LaunchScreen.storyboard; sourceTree = "<group>"; };
		D72B34391D28E2BA00024994 /* Info.plist */ = {isa = PBXFileReference; lastKnownFileType = text.plist.xml; path = Info.plist; sourceTree = "<group>"; };
		D72B343E1D28E2BA00024994 /* ZCJWebImageTests.xctest */ = {isa = PBXFileReference; explicitFileType = wrapper.cfbundle; includeInIndex = 0; path = ZCJWebImageTests.xctest; sourceTree = BUILT_PRODUCTS_DIR; };
		D72B34421D28E2BA00024994 /* ZCJWebImageTests.swift */ = {isa = PBXFileReference; lastKnownFileType = sourcecode.swift; path = ZCJWebImageTests.swift; sourceTree = "<group>"; };
		D72B34441D28E2BA00024994 /* Info.plist */ = {isa = PBXFileReference; lastKnownFileType = text.plist.xml; path = Info.plist; sourceTree = "<group>"; };
		D72B34491D28E2BA00024994 /* ZCJWebImageUITests.xctest */ = {isa = PBXFileReference; explicitFileType = wrapper.cfbundle; includeInIndex = 0; path = ZCJWebImageUITests.xctest; sourceTree = BUILT_PRODUCTS_DIR; };
		D72B344D1D28E2BA00024994 /* ZCJWebImageUITests.swift */ = {isa = PBXFileReference; lastKnownFileType = sourcecode.swift; path = ZCJWebImageUITests.swift; sourceTree = "<group>"; };
		D72B344F1D28E2BA00024994 /* Info.plist */ = {isa = PBXFileReference; lastKnownFileType = text.plist.xml; path = Info.plist; sourceTree = "<group>"; };
		D72B345C1D28E38900024994 /* ZCJWebImageManager.swift */ = {isa = PBXFileReference; fileEncoding = 4; lastKnownFileType = sourcecode.swift; path = ZCJWebImageManager.swift; sourceTree = "<group>"; };
		D72B345E1D28E3A300024994 /* ZCJWebImageDownloader.swift */ = {isa = PBXFileReference; fileEncoding = 4; lastKnownFileType = sourcecode.swift; path = ZCJWebImageDownloader.swift; sourceTree = "<group>"; };
		D72B34601D28E3B400024994 /* ZCJWebImageCache.swift */ = {isa = PBXFileReference; fileEncoding = 4; lastKnownFileType = sourcecode.swift; path = ZCJWebImageCache.swift; sourceTree = "<group>"; };
		D72B34621D28E3EE00024994 /* UIImage+WebCache.swift */ = {isa = PBXFileReference; fileEncoding = 4; lastKnownFileType = sourcecode.swift; path = "UIImage+WebCache.swift"; sourceTree = "<group>"; };
		D760B4371D2BB624006F2751 /* String+MD5.swift */ = {isa = PBXFileReference; fileEncoding = 4; lastKnownFileType = sourcecode.swift; path = "String+MD5.swift"; sourceTree = "<group>"; };
		D760B4391D2BE632006F2751 /* CollectionViewController.swift */ = {isa = PBXFileReference; fileEncoding = 4; lastKnownFileType = sourcecode.swift; path = CollectionViewController.swift; sourceTree = "<group>"; };
/* End PBXFileReference section */

/* Begin PBXFrameworksBuildPhase section */
		D72B34271D28E2B900024994 /* Frameworks */ = {
			isa = PBXFrameworksBuildPhase;
			buildActionMask = 2147483647;
			files = (
			);
			runOnlyForDeploymentPostprocessing = 0;
		};
		D72B343B1D28E2BA00024994 /* Frameworks */ = {
			isa = PBXFrameworksBuildPhase;
			buildActionMask = 2147483647;
			files = (
			);
			runOnlyForDeploymentPostprocessing = 0;
		};
		D72B34461D28E2BA00024994 /* Frameworks */ = {
			isa = PBXFrameworksBuildPhase;
			buildActionMask = 2147483647;
			files = (
			);
			runOnlyForDeploymentPostprocessing = 0;
		};
/* End PBXFrameworksBuildPhase section */

/* Begin PBXGroup section */
		D72B34211D28E2B900024994 = {
			isa = PBXGroup;
			children = (
				D72B342C1D28E2B900024994 /* ZCJWebImage */,
				D72B34411D28E2BA00024994 /* ZCJWebImageTests */,
				D72B344C1D28E2BA00024994 /* ZCJWebImageUITests */,
				D72B342B1D28E2B900024994 /* Products */,
			);
			sourceTree = "<group>";
		};
		D72B342B1D28E2B900024994 /* Products */ = {
			isa = PBXGroup;
			children = (
				D72B342A1D28E2B900024994 /* ZCJWebImage.app */,
				D72B343E1D28E2BA00024994 /* ZCJWebImageTests.xctest */,
				D72B34491D28E2BA00024994 /* ZCJWebImageUITests.xctest */,
			);
			name = Products;
			sourceTree = "<group>";
		};
		D72B342C1D28E2B900024994 /* ZCJWebImage */ = {
			isa = PBXGroup;
			children = (
				D72B345B1D28E2FE00024994 /* ZCJWebImage */,
				D72B342D1D28E2B900024994 /* AppDelegate.swift */,
				D760B4391D2BE632006F2751 /* CollectionViewController.swift */,
				D72B34311D28E2B900024994 /* Main.storyboard */,
				D72B34341D28E2B900024994 /* Assets.xcassets */,
				D72B34361D28E2BA00024994 /* LaunchScreen.storyboard */,
				D72B34391D28E2BA00024994 /* Info.plist */,
			);
			path = ZCJWebImage;
			sourceTree = "<group>";
		};
		D72B34411D28E2BA00024994 /* ZCJWebImageTests */ = {
			isa = PBXGroup;
			children = (
				D72B34421D28E2BA00024994 /* ZCJWebImageTests.swift */,
				D72B34441D28E2BA00024994 /* Info.plist */,
			);
			path = ZCJWebImageTests;
			sourceTree = "<group>";
		};
		D72B344C1D28E2BA00024994 /* ZCJWebImageUITests */ = {
			isa = PBXGroup;
			children = (
				D72B344D1D28E2BA00024994 /* ZCJWebImageUITests.swift */,
				D72B344F1D28E2BA00024994 /* Info.plist */,
			);
			path = ZCJWebImageUITests;
			sourceTree = "<group>";
		};
		D72B345B1D28E2FE00024994 /* ZCJWebImage */ = {
			isa = PBXGroup;
			children = (
				D72B345C1D28E38900024994 /* ZCJWebImageManager.swift */,
				D72B345E1D28E3A300024994 /* ZCJWebImageDownloader.swift */,
				D72B34601D28E3B400024994 /* ZCJWebImageCache.swift */,
				D72B34621D28E3EE00024994 /* UIImage+WebCache.swift */,
				D760B4371D2BB624006F2751 /* String+MD5.swift */,
			);
			name = ZCJWebImage;
			sourceTree = "<group>";
		};
/* End PBXGroup section */

/* Begin PBXNativeTarget section */
		D72B34291D28E2B900024994 /* ZCJWebImage */ = {
			isa = PBXNativeTarget;
			buildConfigurationList = D72B34521D28E2BA00024994 /* Build configuration list for PBXNativeTarget "ZCJWebImage" */;
			buildPhases = (
				D72B34261D28E2B900024994 /* Sources */,
				D72B34271D28E2B900024994 /* Frameworks */,
				D72B34281D28E2B900024994 /* Resources */,
			);
			buildRules = (
			);
			dependencies = (
			);
			name = ZCJWebImage;
			productName = ZCJWebImage;
			productReference = D72B342A1D28E2B900024994 /* ZCJWebImage.app */;
			productType = "com.apple.product-type.application";
		};
		D72B343D1D28E2BA00024994 /* ZCJWebImageTests */ = {
			isa = PBXNativeTarget;
			buildConfigurationList = D72B34551D28E2BA00024994 /* Build configuration list for PBXNativeTarget "ZCJWebImageTests" */;
			buildPhases = (
				D72B343A1D28E2BA00024994 /* Sources */,
				D72B343B1D28E2BA00024994 /* Frameworks */,
				D72B343C1D28E2BA00024994 /* Resources */,
			);
			buildRules = (
			);
			dependencies = (
				D72B34401D28E2BA00024994 /* PBXTargetDependency */,
			);
			name = ZCJWebImageTests;
			productName = ZCJWebImageTests;
			productReference = D72B343E1D28E2BA00024994 /* ZCJWebImageTests.xctest */;
			productType = "com.apple.product-type.bundle.unit-test";
		};
		D72B34481D28E2BA00024994 /* ZCJWebImageUITests */ = {
			isa = PBXNativeTarget;
			buildConfigurationList = D72B34581D28E2BA00024994 /* Build configuration list for PBXNativeTarget "ZCJWebImageUITests" */;
			buildPhases = (
				D72B34451D28E2BA00024994 /* Sources */,
				D72B34461D28E2BA00024994 /* Frameworks */,
				D72B34471D28E2BA00024994 /* Resources */,
			);
			buildRules = (
			);
			dependencies = (
				D72B344B1D28E2BA00024994 /* PBXTargetDependency */,
			);
			name = ZCJWebImageUITests;
			productName = ZCJWebImageUITests;
			productReference = D72B34491D28E2BA00024994 /* ZCJWebImageUITests.xctest */;
			productType = "com.apple.product-type.bundle.ui-testing";
		};
/* End PBXNativeTarget section */

/* Begin PBXProject section */
		D72B34221D28E2B900024994 /* Project object */ = {
			isa = PBXProject;
			attributes = {
				LastSwiftUpdateCheck = 0730;
				LastUpgradeCheck = 0730;
				ORGANIZATIONNAME = zhangchaojie;
				TargetAttributes = {
					D72B34291D28E2B900024994 = {
						CreatedOnToolsVersion = 7.3;
					};
					D72B343D1D28E2BA00024994 = {
						CreatedOnToolsVersion = 7.3;
						TestTargetID = D72B34291D28E2B900024994;
					};
					D72B34481D28E2BA00024994 = {
						CreatedOnToolsVersion = 7.3;
						TestTargetID = D72B34291D28E2B900024994;
					};
				};
			};
			buildConfigurationList = D72B34251D28E2B900024994 /* Build configuration list for PBXProject "ZCJWebImage" */;
			compatibilityVersion = "Xcode 3.2";
			developmentRegion = English;
			hasScannedForEncodings = 0;
			knownRegions = (
				en,
				Base,
			);
			mainGroup = D72B34211D28E2B900024994;
			productRefGroup = D72B342B1D28E2B900024994 /* Products */;
			projectDirPath = "";
			projectRoot = "";
			targets = (
				D72B34291D28E2B900024994 /* ZCJWebImage */,
				D72B343D1D28E2BA00024994 /* ZCJWebImageTests */,
				D72B34481D28E2BA00024994 /* ZCJWebImageUITests */,
			);
		};
/* End PBXProject section */

/* Begin PBXResourcesBuildPhase section */
		D72B34281D28E2B900024994 /* Resources */ = {
			isa = PBXResourcesBuildPhase;
			buildActionMask = 2147483647;
			files = (
				D72B34381D28E2BA00024994 /* LaunchScreen.storyboard in Resources */,
				D72B34351D28E2B900024994 /* Assets.xcassets in Resources */,
				D72B34331D28E2B900024994 /* Main.storyboard in Resources */,
			);
			runOnlyForDeploymentPostprocessing = 0;
		};
		D72B343C1D28E2BA00024994 /* Resources */ = {
			isa = PBXResourcesBuildPhase;
			buildActionMask = 2147483647;
			files = (
			);
			runOnlyForDeploymentPostprocessing = 0;
		};
		D72B34471D28E2BA00024994 /* Resources */ = {
			isa = PBXResourcesBuildPhase;
			buildActionMask = 2147483647;
			files = (
			);
			runOnlyForDeploymentPostprocessing = 0;
		};
/* End PBXResourcesBuildPhase section */

/* Begin PBXSourcesBuildPhase section */
		D72B34261D28E2B900024994 /* Sources */ = {
			isa = PBXSourcesBuildPhase;
			buildActionMask = 2147483647;
			files = (
				D72B34611D28E3B400024994 /* ZCJWebImageCache.swift in Sources */,
				D760B4381D2BB624006F2751 /* String+MD5.swift in Sources */,
				D72B345F1D28E3A300024994 /* ZCJWebImageDownloader.swift in Sources */,
				D760B43A1D2BE632006F2751 /* CollectionViewController.swift in Sources */,
				D72B345D1D28E38900024994 /* ZCJWebImageManager.swift in Sources */,
				D72B342E1D28E2B900024994 /* AppDelegate.swift in Sources */,
				D72B34631D28E3EE00024994 /* UIImage+WebCache.swift in Sources */,
			);
			runOnlyForDeploymentPostprocessing = 0;
		};
		D72B343A1D28E2BA00024994 /* Sources */ = {
			isa = PBXSourcesBuildPhase;
			buildActionMask = 2147483647;
			files = (
				D72B34431D28E2BA00024994 /* ZCJWebImageTests.swift in Sources */,
			);
			runOnlyForDeploymentPostprocessing = 0;
		};
		D72B34451D28E2BA00024994 /* Sources */ = {
			isa = PBXSourcesBuildPhase;
			buildActionMask = 2147483647;
			files = (
				D72B344E1D28E2BA00024994 /* ZCJWebImageUITests.swift in Sources */,
			);
			runOnlyForDeploymentPostprocessing = 0;
		};
/* End PBXSourcesBuildPhase section */

/* Begin PBXTargetDependency section */
		D72B34401D28E2BA00024994 /* PBXTargetDependency */ = {
			isa = PBXTargetDependency;
			target = D72B34291D28E2B900024994 /* ZCJWebImage */;
			targetProxy = D72B343F1D28E2BA00024994 /* PBXContainerItemProxy */;
		};
		D72B344B1D28E2BA00024994 /* PBXTargetDependency */ = {
			isa = PBXTargetDependency;
			target = D72B34291D28E2B900024994 /* ZCJWebImage */;
			targetProxy = D72B344A1D28E2BA00024994 /* PBXContainerItemProxy */;
		};
/* End PBXTargetDependency section */

/* Begin PBXVariantGroup section */
		D72B34311D28E2B900024994 /* Main.storyboard */ = {
			isa = PBXVariantGroup;
			children = (
				D72B34321D28E2B900024994 /* Base */,
			);
			name = Main.storyboard;
			sourceTree = "<group>";
		};
		D72B34361D28E2BA00024994 /* LaunchScreen.storyboard */ = {
			isa = PBXVariantGroup;
			children = (
				D72B34371D28E2BA00024994 /* Base */,
			);
			name = LaunchScreen.storyboard;
			sourceTree = "<group>";
		};
/* End PBXVariantGroup section */

/* Begin XCBuildConfiguration section */
		D72B34501D28E2BA00024994 /* Debug */ = {
			isa = XCBuildConfiguration;
			buildSettings = {
				ALWAYS_SEARCH_USER_PATHS = NO;
				CLANG_ANALYZER_NONNULL = YES;
				CLANG_CXX_LANGUAGE_STANDARD = "gnu++0x";
				CLANG_CXX_LIBRARY = "libc++";
				CLANG_ENABLE_MODULES = YES;
				CLANG_ENABLE_OBJC_ARC = YES;
				CLANG_WARN_BOOL_CONVERSION = YES;
				CLANG_WARN_CONSTANT_CONVERSION = YES;
				CLANG_WARN_DIRECT_OBJC_ISA_USAGE = YES_ERROR;
				CLANG_WARN_EMPTY_BODY = YES;
				CLANG_WARN_ENUM_CONVERSION = YES;
				CLANG_WARN_INT_CONVERSION = YES;
				CLANG_WARN_OBJC_ROOT_CLASS = YES_ERROR;
				CLANG_WARN_UNREACHABLE_CODE = YES;
				CLANG_WARN__DUPLICATE_METHOD_MATCH = YES;
				"CODE_SIGN_IDENTITY[sdk=iphoneos*]" = "iPhone Developer";
				COPY_PHASE_STRIP = NO;
				DEBUG_INFORMATION_FORMAT = dwarf;
				ENABLE_STRICT_OBJC_MSGSEND = YES;
				ENABLE_TESTABILITY = YES;
				GCC_C_LANGUAGE_STANDARD = gnu99;
				GCC_DYNAMIC_NO_PIC = NO;
				GCC_NO_COMMON_BLOCKS = YES;
				GCC_OPTIMIZATION_LEVEL = 0;
				GCC_PREPROCESSOR_DEFINITIONS = (
					"DEBUG=1",
					"$(inherited)",
				);
				GCC_WARN_64_TO_32_BIT_CONVERSION = YES;
				GCC_WARN_ABOUT_RETURN_TYPE = YES_ERROR;
				GCC_WARN_UNDECLARED_SELECTOR = YES;
				GCC_WARN_UNINITIALIZED_AUTOS = YES_AGGRESSIVE;
				GCC_WARN_UNUSED_FUNCTION = YES;
				GCC_WARN_UNUSED_VARIABLE = YES;
				IPHONEOS_DEPLOYMENT_TARGET = 9.3;
				MTL_ENABLE_DEBUG_INFO = YES;
				ONLY_ACTIVE_ARCH = YES;
				SDKROOT = iphoneos;
				SWIFT_OPTIMIZATION_LEVEL = "-Onone";
			};
			name = Debug;
		};
		D72B34511D28E2BA00024994 /* Release */ = {
			isa = XCBuildConfiguration;
			buildSettings = {
				ALWAYS_SEARCH_USER_PATHS = NO;
				CLANG_ANALYZER_NONNULL = YES;
				CLANG_CXX_LANGUAGE_STANDARD = "gnu++0x";
				CLANG_CXX_LIBRARY = "libc++";
				CLANG_ENABLE_MODULES = YES;
				CLANG_ENABLE_OBJC_ARC = YES;
				CLANG_WARN_BOOL_CONVERSION = YES;
				CLANG_WARN_CONSTANT_CONVERSION = YES;
				CLANG_WARN_DIRECT_OBJC_ISA_USAGE = YES_ERROR;
				CLANG_WARN_EMPTY_BODY = YES;
				CLANG_WARN_ENUM_CONVERSION = YES;
				CLANG_WARN_INT_CONVERSION = YES;
				CLANG_WARN_OBJC_ROOT_CLASS = YES_ERROR;
				CLANG_WARN_UNREACHABLE_CODE = YES;
				CLANG_WARN__DUPLICATE_METHOD_MATCH = YES;
				"CODE_SIGN_IDENTITY[sdk=iphoneos*]" = "iPhone Developer";
				COPY_PHASE_STRIP = NO;
				DEBUG_INFORMATION_FORMAT = "dwarf-with-dsym";
				ENABLE_NS_ASSERTIONS = NO;
				ENABLE_STRICT_OBJC_MSGSEND = YES;
				GCC_C_LANGUAGE_STANDARD = gnu99;
				GCC_NO_COMMON_BLOCKS = YES;
				GCC_WARN_64_TO_32_BIT_CONVERSION = YES;
				GCC_WARN_ABOUT_RETURN_TYPE = YES_ERROR;
				GCC_WARN_UNDECLARED_SELECTOR = YES;
				GCC_WARN_UNINITIALIZED_AUTOS = YES_AGGRESSIVE;
				GCC_WARN_UNUSED_FUNCTION = YES;
				GCC_WARN_UNUSED_VARIABLE = YES;
				IPHONEOS_DEPLOYMENT_TARGET = 9.3;
				MTL_ENABLE_DEBUG_INFO = NO;
				SDKROOT = iphoneos;
				VALIDATE_PRODUCT = YES;
			};
			name = Release;
		};
		D72B34531D28E2BA00024994 /* Debug */ = {
			isa = XCBuildConfiguration;
			buildSettings = {
				ASSETCATALOG_COMPILER_APPICON_NAME = AppIcon;
				INFOPLIST_FILE = ZCJWebImage/Info.plist;
				LD_RUNPATH_SEARCH_PATHS = "$(inherited) @executable_path/Frameworks";
				PRODUCT_BUNDLE_IDENTIFIER = ZCJ.ZCJWebImage;
				PRODUCT_NAME = "$(TARGET_NAME)";
			};
			name = Debug;
		};
		D72B34541D28E2BA00024994 /* Release */ = {
			isa = XCBuildConfiguration;
			buildSettings = {
				ASSETCATALOG_COMPILER_APPICON_NAME = AppIcon;
				INFOPLIST_FILE = ZCJWebImage/Info.plist;
				LD_RUNPATH_SEARCH_PATHS = "$(inherited) @executable_path/Frameworks";
				PRODUCT_BUNDLE_IDENTIFIER = ZCJ.ZCJWebImage;
				PRODUCT_NAME = "$(TARGET_NAME)";
			};
			name = Release;
		};
		D72B34561D28E2BA00024994 /* Debug */ = {
			isa = XCBuildConfiguration;
			buildSettings = {
				BUNDLE_LOADER = "$(TEST_HOST)";
				INFOPLIST_FILE = ZCJWebImageTests/Info.plist;
				LD_RUNPATH_SEARCH_PATHS = "$(inherited) @executable_path/Frameworks @loader_path/Frameworks";
				PRODUCT_BUNDLE_IDENTIFIER = ZCJ.ZCJWebImageTests;
				PRODUCT_NAME = "$(TARGET_NAME)";
				TEST_HOST = "$(BUILT_PRODUCTS_DIR)/ZCJWebImage.app/ZCJWebImage";
			};
			name = Debug;
		};
		D72B34571D28E2BA00024994 /* Release */ = {
			isa = XCBuildConfiguration;
			buildSettings = {
				BUNDLE_LOADER = "$(TEST_HOST)";
				INFOPLIST_FILE = ZCJWebImageTests/Info.plist;
				LD_RUNPATH_SEARCH_PATHS = "$(inherited) @executable_path/Frameworks @loader_path/Frameworks";
				PRODUCT_BUNDLE_IDENTIFIER = ZCJ.ZCJWebImageTests;
				PRODUCT_NAME = "$(TARGET_NAME)";
				TEST_HOST = "$(BUILT_PRODUCTS_DIR)/ZCJWebImage.app/ZCJWebImage";
			};
			name = Release;
		};
		D72B34591D28E2BA00024994 /* Debug */ = {
			isa = XCBuildConfiguration;
			buildSettings = {
				INFOPLIST_FILE = ZCJWebImageUITests/Info.plist;
				LD_RUNPATH_SEARCH_PATHS = "$(inherited) @executable_path/Frameworks @loader_path/Frameworks";
				PRODUCT_BUNDLE_IDENTIFIER = ZCJ.ZCJWebImageUITests;
				PRODUCT_NAME = "$(TARGET_NAME)";
				TEST_TARGET_NAME = ZCJWebImage;
			};
			name = Debug;
		};
		D72B345A1D28E2BA00024994 /* Release */ = {
			isa = XCBuildConfiguration;
			buildSettings = {
				INFOPLIST_FILE = ZCJWebImageUITests/Info.plist;
				LD_RUNPATH_SEARCH_PATHS = "$(inherited) @executable_path/Frameworks @loader_path/Frameworks";
				PRODUCT_BUNDLE_IDENTIFIER = ZCJ.ZCJWebImageUITests;
				PRODUCT_NAME = "$(TARGET_NAME)";
				TEST_TARGET_NAME = ZCJWebImage;
			};
			name = Release;
		};
/* End XCBuildConfiguration section */

/* Begin XCConfigurationList section */
		D72B34251D28E2B900024994 /* Build configuration list for PBXProject "ZCJWebImage" */ = {
			isa = XCConfigurationList;
			buildConfigurations = (
				D72B34501D28E2BA00024994 /* Debug */,
				D72B34511D28E2BA00024994 /* Release */,
			);
			defaultConfigurationIsVisible = 0;
			defaultConfigurationName = Release;
		};
		D72B34521D28E2BA00024994 /* Build configuration list for PBXNativeTarget "ZCJWebImage" */ = {
			isa = XCConfigurationList;
			buildConfigurations = (
				D72B34531D28E2BA00024994 /* Debug */,
				D72B34541D28E2BA00024994 /* Release */,
			);
			defaultConfigurationIsVisible = 0;
			defaultConfigurationName = Release;
		};
		D72B34551D28E2BA00024994 /* Build configuration list for PBXNativeTarget "ZCJWebImageTests" */ = {
			isa = XCConfigurationList;
			buildConfigurations = (
				D72B34561D28E2BA00024994 /* Debug */,
				D72B34571D28E2BA00024994 /* Release */,
			);
			defaultConfigurationIsVisible = 0;
			defaultConfigurationName = Release;
		};
		D72B34581D28E2BA00024994 /* Build configuration list for PBXNativeTarget "ZCJWebImageUITests" */ = {
			isa = XCConfigurationList;
			buildConfigurations = (
				D72B34591D28E2BA00024994 /* Debug */,
				D72B345A1D28E2BA00024994 /* Release */,
			);
			defaultConfigurationIsVisible = 0;
			defaultConfigurationName = Release;
		};
/* End XCConfigurationList section */
	};
	rootObject = D72B34221D28E2B900024994 /* Project object */;
}
